{
  "version": "4",
  "specifiers": {
    "jsr:@b-fuze/deno-dom@~0.1.49": "0.1.49",
    "jsr:@denosaurs/plug@1.0.3": "1.0.3",
    "jsr:@hono/hono@^4.6.16": "4.6.16",
    "jsr:@std/assert@^1.0.10": "1.0.10",
    "jsr:@std/assert@~0.213.1": "0.213.1",
    "jsr:@std/dotenv@~0.225.3": "0.225.3",
    "jsr:@std/encoding@0.213.1": "0.213.1",
    "jsr:@std/fmt@0.213.1": "0.213.1",
    "jsr:@std/fs@0.213.1": "0.213.1",
    "jsr:@std/fs@^1.0.9": "1.0.9",
    "jsr:@std/internal@^1.0.5": "1.0.5",
    "jsr:@std/path@0.213.1": "0.213.1",
    "jsr:@std/path@^1.0.8": "1.0.8",
    "jsr:@std/path@~0.213.1": "0.213.1",
    "npm:@dldc/literal-parser@^3.1.6": "3.1.6",
    "npm:fast-xml-parser@4.3.4": "4.3.4"
  },
  "jsr": {
    "@b-fuze/deno-dom@0.1.49": {
      "integrity": "45c40175fdd1e74ab2d4b54c4fdaabbad6e5b76ee28df12a48e076b3fa7901a9",
      "dependencies": [
        "jsr:@denosaurs/plug"
      ]
    },
    "@denosaurs/plug@1.0.3": {
      "integrity": "b010544e386bea0ff3a1d05e0c88f704ea28cbd4d753439c2f1ee021a85d4640",
      "dependencies": [
        "jsr:@std/encoding",
        "jsr:@std/fmt",
        "jsr:@std/fs@0.213.1",
        "jsr:@std/path@0.213.1"
      ]
    },
    "@hono/hono@4.6.16": {
      "integrity": "b540c6b1352d73142895f7bb6bfd0b6cc514ede61c12940338c4ae5dd06cb326"
    },
    "@std/assert@0.213.1": {
      "integrity": "24c28178b30c8e0782c18e8e94ea72b16282207569cdd10ffb9d1d26f2edebfe"
    },
    "@std/assert@1.0.10": {
      "integrity": "59b5cbac5bd55459a19045d95cc7c2ff787b4f8527c0dd195078ff6f9481fbb3",
      "dependencies": [
        "jsr:@std/internal"
      ]
    },
    "@std/dotenv@0.225.3": {
      "integrity": "a95e5b812c27b0854c52acbae215856d9cce9d4bbf774d938c51d212711e8d4a"
    },
    "@std/encoding@0.213.1": {
      "integrity": "fcbb6928713dde941a18ca5db88ca1544d0755ec8fb20fe61e2dc8144b390c62"
    },
    "@std/fmt@0.213.1": {
      "integrity": "a06d31777566d874b9c856c10244ac3e6b660bdec4c82506cd46be052a1082c3"
    },
    "@std/fs@0.213.1": {
      "integrity": "fbcaf099f8a85c27ab0712b666262cda8fe6d02e9937bf9313ecaea39a22c501",
      "dependencies": [
        "jsr:@std/assert@~0.213.1",
        "jsr:@std/path@~0.213.1"
      ]
    },
    "@std/fs@1.0.9": {
      "integrity": "3eef7e3ed3d317b29432c7dcb3b20122820dbc574263f721cb0248ad91bad890",
      "dependencies": [
        "jsr:@std/path@^1.0.8"
      ]
    },
    "@std/internal@1.0.5": {
      "integrity": "54a546004f769c1ac9e025abd15a76b6671ddc9687e2313b67376125650dc7ba"
    },
    "@std/path@0.213.1": {
      "integrity": "f187bf278a172752e02fcbacf6bd78a335ed320d080a7ed3a5a59c3e88abc673",
      "dependencies": [
        "jsr:@std/assert@~0.213.1"
      ]
    },
    "@std/path@1.0.8": {
      "integrity": "548fa456bb6a04d3c1a1e7477986b6cffbce95102d0bb447c67c4ee70e0364be"
    }
  },
  "npm": {
    "@dldc/literal-parser@3.1.6": {
      "integrity": "sha512-uPfGLaZLoO2DqSEZRXB1SGfGUKYmfek+RgbEUyL7OsvZNB1eGFxhQHY10/nx6CGzdMIhW44XPmvQ0mE1b7KtIQ=="
    },
    "fast-xml-parser@4.3.4": {
      "integrity": "sha512-utnwm92SyozgA3hhH2I8qldf2lBqm6qHOICawRNRFu1qMe3+oqr+GcXjGqTmXTMGE5T4eC03kr/rlh5C1IRdZA==",
      "dependencies": [
        "strnum"
      ]
    },
    "strnum@1.0.5": {
      "integrity": "sha512-J8bbNyKKXl5qYcR36TIO8W3mVGVHrmmxsd5PAItGkmyzwJvybiw2IVq5nqd0i4LSNSkB/sx9VHllbfFdr9k1JA=="
    }
  },
  "workspace": {
    "dependencies": [
      "jsr:@b-fuze/deno-dom@~0.1.49",
      "jsr:@hono/hono@^4.6.16",
      "jsr:@std/assert@^1.0.10",
      "jsr:@std/dotenv@~0.225.3",
      "jsr:@std/fs@^1.0.9",
      "jsr:@std/path@^1.0.8",
      "npm:@dldc/literal-parser@^3.1.6"
    ]
  }
}
